Microsoft Visual Studio Solution File, Format Version 12.00
# Visual Studio Version 17
VisualStudioVersion = 17.0.31611.283
MinimumVisualStudioVersion = 10.0.40219.1
Project("{9A19103F-16F7-4668-BE54-9A1E7A4F7556}") = "Spacetime", "Spacetime\Spacetime.csproj", "{A0652C85-FC89-46DB-AD5F-8F44EE90BA4D}"
EndProject
Project("{9A19103F-16F7-4668-BE54-9A1E7A4F7556}") = "Spacetime.Core", "Spacetime.Core\Spacetime.Core.csproj", "{723C26F4-2ECB-47D7-B783-E4055C42615E}"
EndProject
Project("{9A19103F-16F7-4668-BE54-9A1E7A4F7556}") = "Spacetime.Core.gRPC", "Spacetime.Core.gRPC\Spacetime.Core.gRPC.csproj", "{59E4197B-63DA-4190-988D-25810A2E91E2}"
EndProject
Project("{9A19103F-16F7-4668-BE54-9A1E7A4F7556}") = "Spacetime.Settings", "Spacetime.Settings\Spacetime.Settings.csproj", "{951694A3-7F0A-41A8-8713-42A256E25452}"
EndProject
Project("{9A19103F-16F7-4668-BE54-9A1E7A4F7556}") = "Spacetime.Blazor.gRPC", "Spacetime.Blazor.gRPC\Spacetime.Blazor.gRPC.csproj", "{864B6D21-AF0E-4B89-AD6B-E3B6B08E822F}"
EndProject
Project("{9A19103F-16F7-4668-BE54-9A1E7A4F7556}") = "Spacetime.Core.Shared", "Spacetime.Core.Shared\Spacetime.Core.Shared.csproj", "{F5915E8B-16AC-4353-95E6-CB396BDE7E75}"
EndProject
Project("{9A19103F-16F7-4668-BE54-9A1E7A4F7556}") = "Spacetime.Blazor.Shared", "Spacetime.Blazor.Shared\Spacetime.Blazor.Shared.csproj", "{73941402-6266-43DE-A7DF-43C8458F932C}"
EndProject
Project("{FAE04EC0-301F-11D3-BF4B-00C04F79EFBC}") = "Spacetime.Blazor.Rest", "Spacetime.Blazor.Rest\Spacetime.Blazor.Rest.csproj", "{1AE446DF-9B7B-4271-9F8B-51A00A9418F9}"
EndProject
Global
	GlobalSection(SolutionConfigurationPlatforms) = preSolution
		Debug|Any CPU = Debug|Any CPU
		Release|Any CPU = Release|Any CPU
	EndGlobalSection
	GlobalSection(ProjectConfigurationPlatforms) = postSolution
		{A0652C85-FC89-46DB-AD5F-8F44EE90BA4D}.Debug|Any CPU.ActiveCfg = Debug|Any CPU
		{A0652C85-FC89-46DB-AD5F-8F44EE90BA4D}.Debug|Any CPU.Build.0 = Debug|Any CPU
		{A0652C85-FC89-46DB-AD5F-8F44EE90BA4D}.Debug|Any CPU.Deploy.0 = Debug|Any CPU
		{A0652C85-FC89-46DB-AD5F-8F44EE90BA4D}.Release|Any CPU.ActiveCfg = Release|Any CPU
		{A0652C85-FC89-46DB-AD5F-8F44EE90BA4D}.Release|Any CPU.Build.0 = Release|Any CPU
		{A0652C85-FC89-46DB-AD5F-8F44EE90BA4D}.Release|Any CPU.Deploy.0 = Release|Any CPU
		{723C26F4-2ECB-47D7-B783-E4055C42615E}.Debug|Any CPU.ActiveCfg = Debug|Any CPU
		{723C26F4-2ECB-47D7-B783-E4055C42615E}.Debug|Any CPU.Build.0 = Debug|Any CPU
		{723C26F4-2ECB-47D7-B783-E4055C42615E}.Release|Any CPU.ActiveCfg = Release|Any CPU
		{723C26F4-2ECB-47D7-B783-E4055C42615E}.Release|Any CPU.Build.0 = Release|Any CPU
		{59E4197B-63DA-4190-988D-25810A2E91E2}.Debug|Any CPU.ActiveCfg = Debug|Any CPU
		{59E4197B-63DA-4190-988D-25810A2E91E2}.Debug|Any CPU.Build.0 = Debug|Any CPU
		{59E4197B-63DA-4190-988D-25810A2E91E2}.Release|Any CPU.ActiveCfg = Release|Any CPU
		{59E4197B-63DA-4190-988D-25810A2E91E2}.Release|Any CPU.Build.0 = Release|Any CPU
		{951694A3-7F0A-41A8-8713-42A256E25452}.Debug|Any CPU.ActiveCfg = Debug|Any CPU
		{951694A3-7F0A-41A8-8713-42A256E25452}.Debug|Any CPU.Build.0 = Debug|Any CPU
		{951694A3-7F0A-41A8-8713-42A256E25452}.Release|Any CPU.ActiveCfg = Release|Any CPU
		{951694A3-7F0A-41A8-8713-42A256E25452}.Release|Any CPU.Build.0 = Release|Any CPU
		{864B6D21-AF0E-4B89-AD6B-E3B6B08E822F}.Debug|Any CPU.ActiveCfg = Debug|Any CPU
		{864B6D21-AF0E-4B89-AD6B-E3B6B08E822F}.Debug|Any CPU.Build.0 = Debug|Any CPU
		{864B6D21-AF0E-4B89-AD6B-E3B6B08E822F}.Release|Any CPU.ActiveCfg = Release|Any CPU
		{864B6D21-AF0E-4B89-AD6B-E3B6B08E822F}.Release|Any CPU.Build.0 = Release|Any CPU
		{F5915E8B-16AC-4353-95E6-CB396BDE7E75}.Debug|Any CPU.ActiveCfg = Debug|Any CPU
		{F5915E8B-16AC-4353-95E6-CB396BDE7E75}.Debug|Any CPU.Build.0 = Debug|Any CPU
		{F5915E8B-16AC-4353-95E6-CB396BDE7E75}.Release|Any CPU.ActiveCfg = Release|Any CPU
		{F5915E8B-16AC-4353-95E6-CB396BDE7E75}.Release|Any CPU.Build.0 = Release|Any CPU
		{73941402-6266-43DE-A7DF-43C8458F932C}.Debug|Any CPU.ActiveCfg = Debug|Any CPU
		{73941402-6266-43DE-A7DF-43C8458F932C}.Debug|Any CPU.Build.0 = Debug|Any CPU
		{73941402-6266-43DE-A7DF-43C8458F932C}.Release|Any CPU.ActiveCfg = Release|Any CPU
		{73941402-6266-43DE-A7DF-43C8458F932C}.Release|Any CPU.Build.0 = Release|Any CPU
		{1AE446DF-9B7B-4271-9F8B-51A00A9418F9}.Debug|Any CPU.ActiveCfg = Debug|Any CPU
		{1AE446DF-9B7B-4271-9F8B-51A00A9418F9}.Debug|Any CPU.Build.0 = Debug|Any CPU
		{1AE446DF-9B7B-4271-9F8B-51A00A9418F9}.Release|Any CPU.ActiveCfg = Release|Any CPU
		{1AE446DF-9B7B-4271-9F8B-51A00A9418F9}.Release|Any CPU.Build.0 = Release|Any CPU
	EndGlobalSection
	GlobalSection(SolutionProperties) = preSolution
		HideSolutionNode = FALSE
	EndGlobalSection
	GlobalSection(ExtensibilityGlobals) = postSolution
		SolutionGuid = {61F7FB11-1E47-470C-91E2-47F8143E1572}
	EndGlobalSection
EndGlobal
